<Solution>
  <Project Path="../PenguinConverters.Syntra.ActiveDirectory/PenguinConverters.Syntra.ActiveDirectory/PenguinConverters.Syntra.ActiveDirectory.csproj" />
  <Project Path="../PenguinConverters.Syntra.Core/PenguinConverters.Syntra.Core/PenguinConverters.Syntra.Core.csproj" />
  <Project Path="PenguinConverters.Syntra.Provider.ActiveDirectory/PenguinConverters.Syntra.Provider.ActiveDirectory.csproj" />
</Solution>
